
Microsoft Visual Studio Solution File, Format Version 12.00
# Visual Studio Version 17
VisualStudioVersion = 17.0.32112.339
MinimumVisualStudioVersion = 10.0.40219.1
Project("{FAE04EC0-301F-11D3-BF4B-00C04F79EFBC}") = "Tracker", "Tracker\Tracker.csproj", "{C826128C-36D8-4D0C-B0BD-FABBCF7718F7}"
EndProject
Project("{E53339B2-1760-4266-BCC7-CA923CBCF16C}") = "docker-compose", "docker-compose.dcproj", "{472AD084-BF00-40A0-A419-A1E78AA4B1F1}"
EndProject
Global
	GlobalSection(SolutionConfigurationPlatforms) = preSolution
		Debug|Any CPU = Debug|Any CPU
		Release|Any CPU = Release|Any CPU
	EndGlobalSection
	GlobalSection(ProjectConfigurationPlatforms) = postSolution
		{C826128C-36D8-4D0C-B0BD-FABBCF7718F7}.Debug|Any CPU.ActiveCfg = Debug|Any CPU
		{C826128C-36D8-4D0C-B0BD-FABBCF7718F7}.Debug|Any CPU.Build.0 = Debug|Any CPU
		{C826128C-36D8-4D0C-B0BD-FABBCF7718F7}.Release|Any CPU.ActiveCfg = Release|Any CPU
		{C826128C-36D8-4D0C-B0BD-FABBCF7718F7}.Release|Any CPU.Build.0 = Release|Any CPU
		{472AD084-BF00-40A0-A419-A1E78AA4B1F1}.Debug|Any CPU.ActiveCfg = Debug|Any CPU
		{472AD084-BF00-40A0-A419-A1E78AA4B1F1}.Debug|Any CPU.Build.0 = Debug|Any CPU
		{472AD084-BF00-40A0-A419-A1E78AA4B1F1}.Release|Any CPU.ActiveCfg = Release|Any CPU
		{472AD084-BF00-40A0-A419-A1E78AA4B1F1}.Release|Any CPU.Build.0 = Release|Any CPU
	EndGlobalSection
	GlobalSection(SolutionProperties) = preSolution
		HideSolutionNode = FALSE
	EndGlobalSection
	GlobalSection(ExtensibilityGlobals) = postSolution
		SolutionGuid = {5FAECFCC-48D7-4FB6-8C4B-131856EA0E14}
	EndGlobalSection
EndGlobal
